
Microsoft Visual Studio Solution File, Format Version 12.00
# Visual Studio Version 17
VisualStudioVersion = 17.2.32602.215
MinimumVisualStudioVersion = 10.0.40219.1
Project("{FAE04EC0-301F-11D3-BF4B-00C04F79EFBC}") = "Markov", "Markov.csproj", "{ACB85FAB-D2EC-4662-A17C-A65C9A6E92D9}"
EndProject
Global
	GlobalSection(SolutionConfigurationPlatforms) = preSolution
		Debug|Any CPU = Debug|Any CPU
		Release|Any CPU = Release|Any CPU
	EndGlobalSection
	GlobalSection(ProjectConfigurationPlatforms) = postSolution
		{ACB85FAB-D2EC-4662-A17C-A65C9A6E92D9}.Debug|Any CPU.ActiveCfg = Debug|Any CPU
		{ACB85FAB-D2EC-4662-A17C-A65C9A6E92D9}.Debug|Any CPU.Build.0 = Debug|Any CPU
		{ACB85FAB-D2EC-4662-A17C-A65C9A6E92D9}.Release|Any CPU.ActiveCfg = Release|Any CPU
		{ACB85FAB-D2EC-4662-A17C-A65C9A6E92D9}.Release|Any CPU.Build.0 = Release|Any CPU
	EndGlobalSection
	GlobalSection(SolutionProperties) = preSolution
		HideSolutionNode = FALSE
	EndGlobalSection
	GlobalSection(ExtensibilityGlobals) = postSolution
		SolutionGuid = {A52FAC17-FFA6-445B-A7C0-D800874513AA}
	EndGlobalSection
EndGlobal
